
Microsoft Visual Studio Solution File, Format Version 12.00
# Visual Studio Version 17
VisualStudioVersion = 17.5.2.0
MinimumVisualStudioVersion = 10.0.40219.1
Project("{2150E333-8FDC-42A3-9474-1A3956D46DE8}") = "Chpt1", "Chpt1", "{F0CA4C23-5797-790F-37B4-800CD5843BE1}"
EndProject
Project("{FAE04EC0-301F-11D3-BF4B-00C04F79EFBC}") = "MyFirstEfCoreApp", "Chpt1\MyFirstEfCoreApp\MyFirstEfCoreApp.csproj", "{49E1D8EB-9917-49E9-A68D-1A1A73382D81}"
EndProject
Project("{2150E333-8FDC-42A3-9474-1A3956D46DE8}") = "Asp.NetCoreInAction", "Asp.NetCoreInAction", "{642712A2-4DF6-5339-664A-38ADAE307475}"
EndProject
Project("{FAE04EC0-301F-11D3-BF4B-00C04F79EFBC}") = "WebApp", "Asp.NetCoreInAction\WebApp\WebApp.csproj", "{30FB1B80-0CE6-4294-B759-6BAA45D77524}"
EndProject
Project("{FAE04EC0-301F-11D3-BF4B-00C04F79EFBC}") = "MinimalAPI", "Asp.NetCoreInAction\MinimalAPI\MinimalAPI.csproj", "{C30CDEC1-C254-47AB-A64E-6706BDB973AB}"
EndProject
Project("{FAE04EC0-301F-11D3-BF4B-00C04F79EFBC}") = "CrudAPI", "Asp.NetCoreInAction\CrudAPI\CrudAPI.csproj", "{E560FED8-E01D-4791-A83B-C95AD82BB814}"
EndProject
Project("{FAE04EC0-301F-11D3-BF4B-00C04F79EFBC}") = "MultipleVerbsMinimalApiWithStatusCodes", "Asp.NetCoreInAction\MultipleVerbsMinimalApiWithStatusCodes\MultipleVerbsMinimalApiWithStatusCodes.csproj", "{713B1F5D-0FC5-4643-BC1E-8672064AD5F4}"
EndProject
Project("{FAE04EC0-301F-11D3-BF4B-00C04F79EFBC}") = "MinimalApiFilters", "Asp.NetCoreInAction\MinimalApiFilters\MinimalApiFilters.csproj", "{CD2284BF-A4F7-4014-9B1F-B8CA1C2E40CD}"
EndProject
Project("{FAE04EC0-301F-11D3-BF4B-00C04F79EFBC}") = "MinimalApiRouteGroup", "Asp.NetCoreInAction\MinimalApiRouteGroup\MinimalApiRouteGroup.csproj", "{1CA5AC61-3F90-4BED-A3AF-F3AB050E61FB}"
EndProject
Project("{FAE04EC0-301F-11D3-BF4B-00C04F79EFBC}") = "A-Routing", "Asp.NetCoreInAction\A-Routing\A-Routing.csproj", "{F81E2B62-E406-4CCA-BC53-C05C983B5BF8}"
EndProject
Project("{FAE04EC0-301F-11D3-BF4B-00C04F79EFBC}") = "BasicModelBinding", "Asp.NetCoreInAction\BasicModelBinding\BasicModelBinding.csproj", "{09DB9AFC-7ADB-4441-8515-E279C379CCE6}"
EndProject
Project("{FAE04EC0-301F-11D3-BF4B-00C04F79EFBC}") = "ValidatingWithDataAnnotations", "Asp.NetCoreInAction\ValidatingWithDataAnnotations\ValidatingWithDataAnnotations.csproj", "{E163C135-E6AA-45AD-80E2-9F29ED4FB2F4}"
EndProject
Project("{FAE04EC0-301F-11D3-BF4B-00C04F79EFBC}") = "SendingAnEmailWithoutDI", "Asp.NetCoreInAction\SendingAnEmailWithoutDI\SendingAnEmailWithoutDI.csproj", "{10C17A96-0767-42BA-B964-0CD6A2936B2E}"
EndProject
Project("{FAE04EC0-301F-11D3-BF4B-00C04F79EFBC}") = "SendingEmailWithDI", "Asp.NetCoreInAction\SendingEmailWithDI\SendingEmailWithDI.csproj", "{9395AED0-C2C2-4B83-8AE2-0BC8E71412FE}"
EndProject
Project("{FAE04EC0-301F-11D3-BF4B-00C04F79EFBC}") = "InjectingMultipleImplementations", "Asp.NetCoreInAction\InjectingMultipleImplementations\InjectingMultipleImplementations.csproj", "{78683927-9FBA-4BF3-8B7D-33E424F1AAF6}"
EndProject
Project("{FAE04EC0-301F-11D3-BF4B-00C04F79EFBC}") = "StoreViewerApplication", "Asp.NetCoreInAction\StoreViewerApplication\StoreViewerApplication.csproj", "{A551E5AD-C466-47D3-9375-0F81035DC478}"
EndProject
Project("{FAE04EC0-301F-11D3-BF4B-00C04F79EFBC}") = "OpenApiExample_Swashbuckle", "Asp.NetCoreInAction\OpenApiExample_Swashbuckle\OpenApiExample_Swashbuckle.csproj", "{3D0964CA-AC16-4EBB-9D71-F26A8ECE0F74}"
EndProject
Project("{FAE04EC0-301F-11D3-BF4B-00C04F79EFBC}") = "InstallEFCore", "Asp.NetCoreInAction\InstallEFCore\InstallEFCore.csproj", "{A95760AA-D336-431E-AC81-2A9DE4D25BEC}"
EndProject
Project("{FAE04EC0-301F-11D3-BF4B-00C04F79EFBC}") = "WebApplication1", "Asp.NetCoreInAction\WebApplication1\WebApplication1.csproj", "{5BB978ED-7703-4160-9A47-AA3BE4B6E749}"
EndProject
Project("{FAE04EC0-301F-11D3-BF4B-00C04F79EFBC}") = "RoutingExamples", "Asp.NetCoreInAction\RoutingExamples\RoutingExamples.csproj", "{25609C51-E620-48E4-962F-0293D15BE448}"
EndProject
Project("{FAE04EC0-301F-11D3-BF4B-00C04F79EFBC}") = "PageHandlers", "Asp.NetCoreInAction\PageHandlers\PageHandlers.csproj", "{FAA5B40D-DFBA-4E2B-9EDA-9C0A15B313DA}"
EndProject
Project("{FAE04EC0-301F-11D3-BF4B-00C04F79EFBC}") = "ToDoList", "Asp.NetCoreInAction\ToDoList\ToDoList.csproj", "{17260BF3-6E61-4251-894A-35BA8D8CE0CE}"
EndProject
Project("{FAE04EC0-301F-11D3-BF4B-00C04F79EFBC}") = "CurrencyConverter", "Asp.NetCoreInAction\CurrencyConverter\CurrencyConverter.csproj", "{C64156C3-9A79-4CEC-BAD3-AA13638444B5}"
EndProject
Project("{FAE04EC0-301F-11D3-BF4B-00C04F79EFBC}") = "WebAppMvc", "Asp.NetCoreInAction\WebAppMvc\WebAppMvc.csproj", "{F3A66361-F582-4A74-A12E-0C85F4046CBF}"
EndProject
Project("{FAE04EC0-301F-11D3-BF4B-00C04F79EFBC}") = "BasicWebApi", "Asp.NetCoreInAction\BasicWebApi\BasicWebApi.csproj", "{1567BD06-EBB0-41E5-A5A8-8AE675D58B5F}"
EndProject
Project("{FAE04EC0-301F-11D3-BF4B-00C04F79EFBC}") = "ApiControllerAttrb", "Asp.NetCoreInAction\ApiControllerAttrb\ApiControllerAttrb.csproj", "{6747F7F1-A4B6-4CCD-A3CC-46C1EA1FC28A}"
EndProject
Project("{FAE04EC0-301F-11D3-BF4B-00C04F79EFBC}") = "WebApiController", "Asp.NetCoreInAction\WebApiController\WebApiController.csproj", "{8015BD09-AC05-4CAA-87A4-FCDAC56B0792}"
EndProject
Global
	GlobalSection(SolutionConfigurationPlatforms) = preSolution
		Debug|Any CPU = Debug|Any CPU
		Debug|x64 = Debug|x64
		Debug|x86 = Debug|x86
		Release|Any CPU = Release|Any CPU
		Release|x64 = Release|x64
		Release|x86 = Release|x86
	EndGlobalSection
	GlobalSection(ProjectConfigurationPlatforms) = postSolution
		{49E1D8EB-9917-49E9-A68D-1A1A73382D81}.Debug|Any CPU.ActiveCfg = Debug|Any CPU
		{49E1D8EB-9917-49E9-A68D-1A1A73382D81}.Debug|Any CPU.Build.0 = Debug|Any CPU
		{49E1D8EB-9917-49E9-A68D-1A1A73382D81}.Debug|x64.ActiveCfg = Debug|Any CPU
		{49E1D8EB-9917-49E9-A68D-1A1A73382D81}.Debug|x64.Build.0 = Debug|Any CPU
		{49E1D8EB-9917-49E9-A68D-1A1A73382D81}.Debug|x86.ActiveCfg = Debug|Any CPU
		{49E1D8EB-9917-49E9-A68D-1A1A73382D81}.Debug|x86.Build.0 = Debug|Any CPU
		{49E1D8EB-9917-49E9-A68D-1A1A73382D81}.Release|Any CPU.ActiveCfg = Release|Any CPU
		{49E1D8EB-9917-49E9-A68D-1A1A73382D81}.Release|Any CPU.Build.0 = Release|Any CPU
		{49E1D8EB-9917-49E9-A68D-1A1A73382D81}.Release|x64.ActiveCfg = Release|Any CPU
		{49E1D8EB-9917-49E9-A68D-1A1A73382D81}.Release|x64.Build.0 = Release|Any CPU
		{49E1D8EB-9917-49E9-A68D-1A1A73382D81}.Release|x86.ActiveCfg = Release|Any CPU
		{49E1D8EB-9917-49E9-A68D-1A1A73382D81}.Release|x86.Build.0 = Release|Any CPU
		{30FB1B80-0CE6-4294-B759-6BAA45D77524}.Debug|Any CPU.ActiveCfg = Debug|Any CPU
		{30FB1B80-0CE6-4294-B759-6BAA45D77524}.Debug|Any CPU.Build.0 = Debug|Any CPU
		{30FB1B80-0CE6-4294-B759-6BAA45D77524}.Debug|x64.ActiveCfg = Debug|Any CPU
		{30FB1B80-0CE6-4294-B759-6BAA45D77524}.Debug|x64.Build.0 = Debug|Any CPU
		{30FB1B80-0CE6-4294-B759-6BAA45D77524}.Debug|x86.ActiveCfg = Debug|Any CPU
		{30FB1B80-0CE6-4294-B759-6BAA45D77524}.Debug|x86.Build.0 = Debug|Any CPU
		{30FB1B80-0CE6-4294-B759-6BAA45D77524}.Release|Any CPU.ActiveCfg = Release|Any CPU
		{30FB1B80-0CE6-4294-B759-6BAA45D77524}.Release|Any CPU.Build.0 = Release|Any CPU
		{30FB1B80-0CE6-4294-B759-6BAA45D77524}.Release|x64.ActiveCfg = Release|Any CPU
		{30FB1B80-0CE6-4294-B759-6BAA45D77524}.Release|x64.Build.0 = Release|Any CPU
		{30FB1B80-0CE6-4294-B759-6BAA45D77524}.Release|x86.ActiveCfg = Release|Any CPU
		{30FB1B80-0CE6-4294-B759-6BAA45D77524}.Release|x86.Build.0 = Release|Any CPU
		{C30CDEC1-C254-47AB-A64E-6706BDB973AB}.Debug|Any CPU.ActiveCfg = Debug|Any CPU
		{C30CDEC1-C254-47AB-A64E-6706BDB973AB}.Debug|Any CPU.Build.0 = Debug|Any CPU
		{C30CDEC1-C254-47AB-A64E-6706BDB973AB}.Debug|x64.ActiveCfg = Debug|Any CPU
		{C30CDEC1-C254-47AB-A64E-6706BDB973AB}.Debug|x64.Build.0 = Debug|Any CPU
		{C30CDEC1-C254-47AB-A64E-6706BDB973AB}.Debug|x86.ActiveCfg = Debug|Any CPU
		{C30CDEC1-C254-47AB-A64E-6706BDB973AB}.Debug|x86.Build.0 = Debug|Any CPU
		{C30CDEC1-C254-47AB-A64E-6706BDB973AB}.Release|Any CPU.ActiveCfg = Release|Any CPU
		{C30CDEC1-C254-47AB-A64E-6706BDB973AB}.Release|Any CPU.Build.0 = Release|Any CPU
		{C30CDEC1-C254-47AB-A64E-6706BDB973AB}.Release|x64.ActiveCfg = Release|Any CPU
		{C30CDEC1-C254-47AB-A64E-6706BDB973AB}.Release|x64.Build.0 = Release|Any CPU
		{C30CDEC1-C254-47AB-A64E-6706BDB973AB}.Release|x86.ActiveCfg = Release|Any CPU
		{C30CDEC1-C254-47AB-A64E-6706BDB973AB}.Release|x86.Build.0 = Release|Any CPU
		{E560FED8-E01D-4791-A83B-C95AD82BB814}.Debug|Any CPU.ActiveCfg = Debug|Any CPU
		{E560FED8-E01D-4791-A83B-C95AD82BB814}.Debug|Any CPU.Build.0 = Debug|Any CPU
		{E560FED8-E01D-4791-A83B-C95AD82BB814}.Debug|x64.ActiveCfg = Debug|Any CPU
		{E560FED8-E01D-4791-A83B-C95AD82BB814}.Debug|x64.Build.0 = Debug|Any CPU
		{E560FED8-E01D-4791-A83B-C95AD82BB814}.Debug|x86.ActiveCfg = Debug|Any CPU
		{E560FED8-E01D-4791-A83B-C95AD82BB814}.Debug|x86.Build.0 = Debug|Any CPU
		{E560FED8-E01D-4791-A83B-C95AD82BB814}.Release|Any CPU.ActiveCfg = Release|Any CPU
		{E560FED8-E01D-4791-A83B-C95AD82BB814}.Release|Any CPU.Build.0 = Release|Any CPU
		{E560FED8-E01D-4791-A83B-C95AD82BB814}.Release|x64.ActiveCfg = Release|Any CPU
		{E560FED8-E01D-4791-A83B-C95AD82BB814}.Release|x64.Build.0 = Release|Any CPU
		{E560FED8-E01D-4791-A83B-C95AD82BB814}.Release|x86.ActiveCfg = Release|Any CPU
		{E560FED8-E01D-4791-A83B-C95AD82BB814}.Release|x86.Build.0 = Release|Any CPU
		{713B1F5D-0FC5-4643-BC1E-8672064AD5F4}.Debug|Any CPU.ActiveCfg = Debug|Any CPU
		{713B1F5D-0FC5-4643-BC1E-8672064AD5F4}.Debug|Any CPU.Build.0 = Debug|Any CPU
		{713B1F5D-0FC5-4643-BC1E-8672064AD5F4}.Debug|x64.ActiveCfg = Debug|Any CPU
		{713B1F5D-0FC5-4643-BC1E-8672064AD5F4}.Debug|x64.Build.0 = Debug|Any CPU
		{713B1F5D-0FC5-4643-BC1E-8672064AD5F4}.Debug|x86.ActiveCfg = Debug|Any CPU
		{713B1F5D-0FC5-4643-BC1E-8672064AD5F4}.Debug|x86.Build.0 = Debug|Any CPU
		{713B1F5D-0FC5-4643-BC1E-8672064AD5F4}.Release|Any CPU.ActiveCfg = Release|Any CPU
		{713B1F5D-0FC5-4643-BC1E-8672064AD5F4}.Release|Any CPU.Build.0 = Release|Any CPU
		{713B1F5D-0FC5-4643-BC1E-8672064AD5F4}.Release|x64.ActiveCfg = Release|Any CPU
		{713B1F5D-0FC5-4643-BC1E-8672064AD5F4}.Release|x64.Build.0 = Release|Any CPU
		{713B1F5D-0FC5-4643-BC1E-8672064AD5F4}.Release|x86.ActiveCfg = Release|Any CPU
		{713B1F5D-0FC5-4643-BC1E-8672064AD5F4}.Release|x86.Build.0 = Release|Any CPU
		{CD2284BF-A4F7-4014-9B1F-B8CA1C2E40CD}.Debug|Any CPU.ActiveCfg = Debug|Any CPU
		{CD2284BF-A4F7-4014-9B1F-B8CA1C2E40CD}.Debug|Any CPU.Build.0 = Debug|Any CPU
		{CD2284BF-A4F7-4014-9B1F-B8CA1C2E40CD}.Debug|x64.ActiveCfg = Debug|Any CPU
		{CD2284BF-A4F7-4014-9B1F-B8CA1C2E40CD}.Debug|x64.Build.0 = Debug|Any CPU
		{CD2284BF-A4F7-4014-9B1F-B8CA1C2E40CD}.Debug|x86.ActiveCfg = Debug|Any CPU
		{CD2284BF-A4F7-4014-9B1F-B8CA1C2E40CD}.Debug|x86.Build.0 = Debug|Any CPU
		{CD2284BF-A4F7-4014-9B1F-B8CA1C2E40CD}.Release|Any CPU.ActiveCfg = Release|Any CPU
		{CD2284BF-A4F7-4014-9B1F-B8CA1C2E40CD}.Release|Any CPU.Build.0 = Release|Any CPU
		{CD2284BF-A4F7-4014-9B1F-B8CA1C2E40CD}.Release|x64.ActiveCfg = Release|Any CPU
		{CD2284BF-A4F7-4014-9B1F-B8CA1C2E40CD}.Release|x64.Build.0 = Release|Any CPU
		{CD2284BF-A4F7-4014-9B1F-B8CA1C2E40CD}.Release|x86.ActiveCfg = Release|Any CPU
		{CD2284BF-A4F7-4014-9B1F-B8CA1C2E40CD}.Release|x86.Build.0 = Release|Any CPU
		{1CA5AC61-3F90-4BED-A3AF-F3AB050E61FB}.Debug|Any CPU.ActiveCfg = Debug|Any CPU
		{1CA5AC61-3F90-4BED-A3AF-F3AB050E61FB}.Debug|Any CPU.Build.0 = Debug|Any CPU
		{1CA5AC61-3F90-4BED-A3AF-F3AB050E61FB}.Debug|x64.ActiveCfg = Debug|Any CPU
		{1CA5AC61-3F90-4BED-A3AF-F3AB050E61FB}.Debug|x64.Build.0 = Debug|Any CPU
		{1CA5AC61-3F90-4BED-A3AF-F3AB050E61FB}.Debug|x86.ActiveCfg = Debug|Any CPU
		{1CA5AC61-3F90-4BED-A3AF-F3AB050E61FB}.Debug|x86.Build.0 = Debug|Any CPU
		{1CA5AC61-3F90-4BED-A3AF-F3AB050E61FB}.Release|Any CPU.ActiveCfg = Release|Any CPU
		{1CA5AC61-3F90-4BED-A3AF-F3AB050E61FB}.Release|Any CPU.Build.0 = Release|Any CPU
		{1CA5AC61-3F90-4BED-A3AF-F3AB050E61FB}.Release|x64.ActiveCfg = Release|Any CPU
		{1CA5AC61-3F90-4BED-A3AF-F3AB050E61FB}.Release|x64.Build.0 = Release|Any CPU
		{1CA5AC61-3F90-4BED-A3AF-F3AB050E61FB}.Release|x86.ActiveCfg = Release|Any CPU
		{1CA5AC61-3F90-4BED-A3AF-F3AB050E61FB}.Release|x86.Build.0 = Release|Any CPU
		{F81E2B62-E406-4CCA-BC53-C05C983B5BF8}.Debug|Any CPU.ActiveCfg = Debug|Any CPU
		{F81E2B62-E406-4CCA-BC53-C05C983B5BF8}.Debug|Any CPU.Build.0 = Debug|Any CPU
		{F81E2B62-E406-4CCA-BC53-C05C983B5BF8}.Debug|x64.ActiveCfg = Debug|Any CPU
		{F81E2B62-E406-4CCA-BC53-C05C983B5BF8}.Debug|x64.Build.0 = Debug|Any CPU
		{F81E2B62-E406-4CCA-BC53-C05C983B5BF8}.Debug|x86.ActiveCfg = Debug|Any CPU
		{F81E2B62-E406-4CCA-BC53-C05C983B5BF8}.Debug|x86.Build.0 = Debug|Any CPU
		{F81E2B62-E406-4CCA-BC53-C05C983B5BF8}.Release|Any CPU.ActiveCfg = Release|Any CPU
		{F81E2B62-E406-4CCA-BC53-C05C983B5BF8}.Release|Any CPU.Build.0 = Release|Any CPU
		{F81E2B62-E406-4CCA-BC53-C05C983B5BF8}.Release|x64.ActiveCfg = Release|Any CPU
		{F81E2B62-E406-4CCA-BC53-C05C983B5BF8}.Release|x64.Build.0 = Release|Any CPU
		{F81E2B62-E406-4CCA-BC53-C05C983B5BF8}.Release|x86.ActiveCfg = Release|Any CPU
		{F81E2B62-E406-4CCA-BC53-C05C983B5BF8}.Release|x86.Build.0 = Release|Any CPU
		{09DB9AFC-7ADB-4441-8515-E279C379CCE6}.Debug|Any CPU.ActiveCfg = Debug|Any CPU
		{09DB9AFC-7ADB-4441-8515-E279C379CCE6}.Debug|Any CPU.Build.0 = Debug|Any CPU
		{09DB9AFC-7ADB-4441-8515-E279C379CCE6}.Debug|x64.ActiveCfg = Debug|Any CPU
		{09DB9AFC-7ADB-4441-8515-E279C379CCE6}.Debug|x64.Build.0 = Debug|Any CPU
		{09DB9AFC-7ADB-4441-8515-E279C379CCE6}.Debug|x86.ActiveCfg = Debug|Any CPU
		{09DB9AFC-7ADB-4441-8515-E279C379CCE6}.Debug|x86.Build.0 = Debug|Any CPU
		{09DB9AFC-7ADB-4441-8515-E279C379CCE6}.Release|Any CPU.ActiveCfg = Release|Any CPU
		{09DB9AFC-7ADB-4441-8515-E279C379CCE6}.Release|Any CPU.Build.0 = Release|Any CPU
		{09DB9AFC-7ADB-4441-8515-E279C379CCE6}.Release|x64.ActiveCfg = Release|Any CPU
		{09DB9AFC-7ADB-4441-8515-E279C379CCE6}.Release|x64.Build.0 = Release|Any CPU
		{09DB9AFC-7ADB-4441-8515-E279C379CCE6}.Release|x86.ActiveCfg = Release|Any CPU
		{09DB9AFC-7ADB-4441-8515-E279C379CCE6}.Release|x86.Build.0 = Release|Any CPU
		{E163C135-E6AA-45AD-80E2-9F29ED4FB2F4}.Debug|Any CPU.ActiveCfg = Debug|Any CPU
		{E163C135-E6AA-45AD-80E2-9F29ED4FB2F4}.Debug|Any CPU.Build.0 = Debug|Any CPU
		{E163C135-E6AA-45AD-80E2-9F29ED4FB2F4}.Debug|x64.ActiveCfg = Debug|Any CPU
		{E163C135-E6AA-45AD-80E2-9F29ED4FB2F4}.Debug|x64.Build.0 = Debug|Any CPU
		{E163C135-E6AA-45AD-80E2-9F29ED4FB2F4}.Debug|x86.ActiveCfg = Debug|Any CPU
		{E163C135-E6AA-45AD-80E2-9F29ED4FB2F4}.Debug|x86.Build.0 = Debug|Any CPU
		{E163C135-E6AA-45AD-80E2-9F29ED4FB2F4}.Release|Any CPU.ActiveCfg = Release|Any CPU
		{E163C135-E6AA-45AD-80E2-9F29ED4FB2F4}.Release|Any CPU.Build.0 = Release|Any CPU
		{E163C135-E6AA-45AD-80E2-9F29ED4FB2F4}.Release|x64.ActiveCfg = Release|Any CPU
		{E163C135-E6AA-45AD-80E2-9F29ED4FB2F4}.Release|x64.Build.0 = Release|Any CPU
		{E163C135-E6AA-45AD-80E2-9F29ED4FB2F4}.Release|x86.ActiveCfg = Release|Any CPU
		{E163C135-E6AA-45AD-80E2-9F29ED4FB2F4}.Release|x86.Build.0 = Release|Any CPU
		{10C17A96-0767-42BA-B964-0CD6A2936B2E}.Debug|Any CPU.ActiveCfg = Debug|Any CPU
		{10C17A96-0767-42BA-B964-0CD6A2936B2E}.Debug|Any CPU.Build.0 = Debug|Any CPU
		{10C17A96-0767-42BA-B964-0CD6A2936B2E}.Debug|x64.ActiveCfg = Debug|Any CPU
		{10C17A96-0767-42BA-B964-0CD6A2936B2E}.Debug|x64.Build.0 = Debug|Any CPU
		{10C17A96-0767-42BA-B964-0CD6A2936B2E}.Debug|x86.ActiveCfg = Debug|Any CPU
		{10C17A96-0767-42BA-B964-0CD6A2936B2E}.Debug|x86.Build.0 = Debug|Any CPU
		{10C17A96-0767-42BA-B964-0CD6A2936B2E}.Release|Any CPU.ActiveCfg = Release|Any CPU
		{10C17A96-0767-42BA-B964-0CD6A2936B2E}.Release|Any CPU.Build.0 = Release|Any CPU
		{10C17A96-0767-42BA-B964-0CD6A2936B2E}.Release|x64.ActiveCfg = Release|Any CPU
		{10C17A96-0767-42BA-B964-0CD6A2936B2E}.Release|x64.Build.0 = Release|Any CPU
		{10C17A96-0767-42BA-B964-0CD6A2936B2E}.Release|x86.ActiveCfg = Release|Any CPU
		{10C17A96-0767-42BA-B964-0CD6A2936B2E}.Release|x86.Build.0 = Release|Any CPU
		{9395AED0-C2C2-4B83-8AE2-0BC8E71412FE}.Debug|Any CPU.ActiveCfg = Debug|Any CPU
		{9395AED0-C2C2-4B83-8AE2-0BC8E71412FE}.Debug|Any CPU.Build.0 = Debug|Any CPU
		{9395AED0-C2C2-4B83-8AE2-0BC8E71412FE}.Debug|x64.ActiveCfg = Debug|Any CPU
		{9395AED0-C2C2-4B83-8AE2-0BC8E71412FE}.Debug|x64.Build.0 = Debug|Any CPU
		{9395AED0-C2C2-4B83-8AE2-0BC8E71412FE}.Debug|x86.ActiveCfg = Debug|Any CPU
		{9395AED0-C2C2-4B83-8AE2-0BC8E71412FE}.Debug|x86.Build.0 = Debug|Any CPU
		{9395AED0-C2C2-4B83-8AE2-0BC8E71412FE}.Release|Any CPU.ActiveCfg = Release|Any CPU
		{9395AED0-C2C2-4B83-8AE2-0BC8E71412FE}.Release|Any CPU.Build.0 = Release|Any CPU
		{9395AED0-C2C2-4B83-8AE2-0BC8E71412FE}.Release|x64.ActiveCfg = Release|Any CPU
		{9395AED0-C2C2-4B83-8AE2-0BC8E71412FE}.Release|x64.Build.0 = Release|Any CPU
		{9395AED0-C2C2-4B83-8AE2-0BC8E71412FE}.Release|x86.ActiveCfg = Release|Any CPU
		{9395AED0-C2C2-4B83-8AE2-0BC8E71412FE}.Release|x86.Build.0 = Release|Any CPU
		{78683927-9FBA-4BF3-8B7D-33E424F1AAF6}.Debug|Any CPU.ActiveCfg = Debug|Any CPU
		{78683927-9FBA-4BF3-8B7D-33E424F1AAF6}.Debug|Any CPU.Build.0 = Debug|Any CPU
		{78683927-9FBA-4BF3-8B7D-33E424F1AAF6}.Debug|x64.ActiveCfg = Debug|Any CPU
		{78683927-9FBA-4BF3-8B7D-33E424F1AAF6}.Debug|x64.Build.0 = Debug|Any CPU
		{78683927-9FBA-4BF3-8B7D-33E424F1AAF6}.Debug|x86.ActiveCfg = Debug|Any CPU
		{78683927-9FBA-4BF3-8B7D-33E424F1AAF6}.Debug|x86.Build.0 = Debug|Any CPU
		{78683927-9FBA-4BF3-8B7D-33E424F1AAF6}.Release|Any CPU.ActiveCfg = Release|Any CPU
		{78683927-9FBA-4BF3-8B7D-33E424F1AAF6}.Release|Any CPU.Build.0 = Release|Any CPU
		{78683927-9FBA-4BF3-8B7D-33E424F1AAF6}.Release|x64.ActiveCfg = Release|Any CPU
		{78683927-9FBA-4BF3-8B7D-33E424F1AAF6}.Release|x64.Build.0 = Release|Any CPU
		{78683927-9FBA-4BF3-8B7D-33E424F1AAF6}.Release|x86.ActiveCfg = Release|Any CPU
		{78683927-9FBA-4BF3-8B7D-33E424F1AAF6}.Release|x86.Build.0 = Release|Any CPU
		{A551E5AD-C466-47D3-9375-0F81035DC478}.Debug|Any CPU.ActiveCfg = Debug|Any CPU
		{A551E5AD-C466-47D3-9375-0F81035DC478}.Debug|Any CPU.Build.0 = Debug|Any CPU
		{A551E5AD-C466-47D3-9375-0F81035DC478}.Debug|x64.ActiveCfg = Debug|Any CPU
		{A551E5AD-C466-47D3-9375-0F81035DC478}.Debug|x64.Build.0 = Debug|Any CPU
		{A551E5AD-C466-47D3-9375-0F81035DC478}.Debug|x86.ActiveCfg = Debug|Any CPU
		{A551E5AD-C466-47D3-9375-0F81035DC478}.Debug|x86.Build.0 = Debug|Any CPU
		{A551E5AD-C466-47D3-9375-0F81035DC478}.Release|Any CPU.ActiveCfg = Release|Any CPU
		{A551E5AD-C466-47D3-9375-0F81035DC478}.Release|Any CPU.Build.0 = Release|Any CPU
		{A551E5AD-C466-47D3-9375-0F81035DC478}.Release|x64.ActiveCfg = Release|Any CPU
		{A551E5AD-C466-47D3-9375-0F81035DC478}.Release|x64.Build.0 = Release|Any CPU
		{A551E5AD-C466-47D3-9375-0F81035DC478}.Release|x86.ActiveCfg = Release|Any CPU
		{A551E5AD-C466-47D3-9375-0F81035DC478}.Release|x86.Build.0 = Release|Any CPU
		{3D0964CA-AC16-4EBB-9D71-F26A8ECE0F74}.Debug|Any CPU.ActiveCfg = Debug|Any CPU
		{3D0964CA-AC16-4EBB-9D71-F26A8ECE0F74}.Debug|Any CPU.Build.0 = Debug|Any CPU
		{3D0964CA-AC16-4EBB-9D71-F26A8ECE0F74}.Debug|x64.ActiveCfg = Debug|Any CPU
		{3D0964CA-AC16-4EBB-9D71-F26A8ECE0F74}.Debug|x64.Build.0 = Debug|Any CPU
		{3D0964CA-AC16-4EBB-9D71-F26A8ECE0F74}.Debug|x86.ActiveCfg = Debug|Any CPU
		{3D0964CA-AC16-4EBB-9D71-F26A8ECE0F74}.Debug|x86.Build.0 = Debug|Any CPU
		{3D0964CA-AC16-4EBB-9D71-F26A8ECE0F74}.Release|Any CPU.ActiveCfg = Release|Any CPU
		{3D0964CA-AC16-4EBB-9D71-F26A8ECE0F74}.Release|Any CPU.Build.0 = Release|Any CPU
		{3D0964CA-AC16-4EBB-9D71-F26A8ECE0F74}.Release|x64.ActiveCfg = Release|Any CPU
		{3D0964CA-AC16-4EBB-9D71-F26A8ECE0F74}.Release|x64.Build.0 = Release|Any CPU
		{3D0964CA-AC16-4EBB-9D71-F26A8ECE0F74}.Release|x86.ActiveCfg = Release|Any CPU
		{3D0964CA-AC16-4EBB-9D71-F26A8ECE0F74}.Release|x86.Build.0 = Release|Any CPU
		{A95760AA-D336-431E-AC81-2A9DE4D25BEC}.Debug|Any CPU.ActiveCfg = Debug|Any CPU
		{A95760AA-D336-431E-AC81-2A9DE4D25BEC}.Debug|Any CPU.Build.0 = Debug|Any CPU
		{A95760AA-D336-431E-AC81-2A9DE4D25BEC}.Debug|x64.ActiveCfg = Debug|Any CPU
		{A95760AA-D336-431E-AC81-2A9DE4D25BEC}.Debug|x64.Build.0 = Debug|Any CPU
		{A95760AA-D336-431E-AC81-2A9DE4D25BEC}.Debug|x86.ActiveCfg = Debug|Any CPU
		{A95760AA-D336-431E-AC81-2A9DE4D25BEC}.Debug|x86.Build.0 = Debug|Any CPU
		{A95760AA-D336-431E-AC81-2A9DE4D25BEC}.Release|Any CPU.ActiveCfg = Release|Any CPU
		{A95760AA-D336-431E-AC81-2A9DE4D25BEC}.Release|Any CPU.Build.0 = Release|Any CPU
		{A95760AA-D336-431E-AC81-2A9DE4D25BEC}.Release|x64.ActiveCfg = Release|Any CPU
		{A95760AA-D336-431E-AC81-2A9DE4D25BEC}.Release|x64.Build.0 = Release|Any CPU
		{A95760AA-D336-431E-AC81-2A9DE4D25BEC}.Release|x86.ActiveCfg = Release|Any CPU
		{A95760AA-D336-431E-AC81-2A9DE4D25BEC}.Release|x86.Build.0 = Release|Any CPU
		{5BB978ED-7703-4160-9A47-AA3BE4B6E749}.Debug|Any CPU.ActiveCfg = Debug|Any CPU
		{5BB978ED-7703-4160-9A47-AA3BE4B6E749}.Debug|Any CPU.Build.0 = Debug|Any CPU
		{5BB978ED-7703-4160-9A47-AA3BE4B6E749}.Debug|x64.ActiveCfg = Debug|Any CPU
		{5BB978ED-7703-4160-9A47-AA3BE4B6E749}.Debug|x64.Build.0 = Debug|Any CPU
		{5BB978ED-7703-4160-9A47-AA3BE4B6E749}.Debug|x86.ActiveCfg = Debug|Any CPU
		{5BB978ED-7703-4160-9A47-AA3BE4B6E749}.Debug|x86.Build.0 = Debug|Any CPU
		{5BB978ED-7703-4160-9A47-AA3BE4B6E749}.Release|Any CPU.ActiveCfg = Release|Any CPU
		{5BB978ED-7703-4160-9A47-AA3BE4B6E749}.Release|Any CPU.Build.0 = Release|Any CPU
		{5BB978ED-7703-4160-9A47-AA3BE4B6E749}.Release|x64.ActiveCfg = Release|Any CPU
		{5BB978ED-7703-4160-9A47-AA3BE4B6E749}.Release|x64.Build.0 = Release|Any CPU
		{5BB978ED-7703-4160-9A47-AA3BE4B6E749}.Release|x86.ActiveCfg = Release|Any CPU
		{5BB978ED-7703-4160-9A47-AA3BE4B6E749}.Release|x86.Build.0 = Release|Any CPU
		{25609C51-E620-48E4-962F-0293D15BE448}.Debug|Any CPU.ActiveCfg = Debug|Any CPU
		{25609C51-E620-48E4-962F-0293D15BE448}.Debug|Any CPU.Build.0 = Debug|Any CPU
		{25609C51-E620-48E4-962F-0293D15BE448}.Debug|x64.ActiveCfg = Debug|Any CPU
		{25609C51-E620-48E4-962F-0293D15BE448}.Debug|x64.Build.0 = Debug|Any CPU
		{25609C51-E620-48E4-962F-0293D15BE448}.Debug|x86.ActiveCfg = Debug|Any CPU
		{25609C51-E620-48E4-962F-0293D15BE448}.Debug|x86.Build.0 = Debug|Any CPU
		{25609C51-E620-48E4-962F-0293D15BE448}.Release|Any CPU.ActiveCfg = Release|Any CPU
		{25609C51-E620-48E4-962F-0293D15BE448}.Release|Any CPU.Build.0 = Release|Any CPU
		{25609C51-E620-48E4-962F-0293D15BE448}.Release|x64.ActiveCfg = Release|Any CPU
		{25609C51-E620-48E4-962F-0293D15BE448}.Release|x64.Build.0 = Release|Any CPU
		{25609C51-E620-48E4-962F-0293D15BE448}.Release|x86.ActiveCfg = Release|Any CPU
		{25609C51-E620-48E4-962F-0293D15BE448}.Release|x86.Build.0 = Release|Any CPU
		{FAA5B40D-DFBA-4E2B-9EDA-9C0A15B313DA}.Debug|Any CPU.ActiveCfg = Debug|Any CPU
		{FAA5B40D-DFBA-4E2B-9EDA-9C0A15B313DA}.Debug|Any CPU.Build.0 = Debug|Any CPU
		{FAA5B40D-DFBA-4E2B-9EDA-9C0A15B313DA}.Debug|x64.ActiveCfg = Debug|Any CPU
		{FAA5B40D-DFBA-4E2B-9EDA-9C0A15B313DA}.Debug|x64.Build.0 = Debug|Any CPU
		{FAA5B40D-DFBA-4E2B-9EDA-9C0A15B313DA}.Debug|x86.ActiveCfg = Debug|Any CPU
		{FAA5B40D-DFBA-4E2B-9EDA-9C0A15B313DA}.Debug|x86.Build.0 = Debug|Any CPU
		{FAA5B40D-DFBA-4E2B-9EDA-9C0A15B313DA}.Release|Any CPU.ActiveCfg = Release|Any CPU
		{FAA5B40D-DFBA-4E2B-9EDA-9C0A15B313DA}.Release|Any CPU.Build.0 = Release|Any CPU
		{FAA5B40D-DFBA-4E2B-9EDA-9C0A15B313DA}.Release|x64.ActiveCfg = Release|Any CPU
		{FAA5B40D-DFBA-4E2B-9EDA-9C0A15B313DA}.Release|x64.Build.0 = Release|Any CPU
		{FAA5B40D-DFBA-4E2B-9EDA-9C0A15B313DA}.Release|x86.ActiveCfg = Release|Any CPU
		{FAA5B40D-DFBA-4E2B-9EDA-9C0A15B313DA}.Release|x86.Build.0 = Release|Any CPU
		{17260BF3-6E61-4251-894A-35BA8D8CE0CE}.Debug|Any CPU.ActiveCfg = Debug|Any CPU
		{17260BF3-6E61-4251-894A-35BA8D8CE0CE}.Debug|Any CPU.Build.0 = Debug|Any CPU
		{17260BF3-6E61-4251-894A-35BA8D8CE0CE}.Debug|x64.ActiveCfg = Debug|Any CPU
		{17260BF3-6E61-4251-894A-35BA8D8CE0CE}.Debug|x64.Build.0 = Debug|Any CPU
		{17260BF3-6E61-4251-894A-35BA8D8CE0CE}.Debug|x86.ActiveCfg = Debug|Any CPU
		{17260BF3-6E61-4251-894A-35BA8D8CE0CE}.Debug|x86.Build.0 = Debug|Any CPU
		{17260BF3-6E61-4251-894A-35BA8D8CE0CE}.Release|Any CPU.ActiveCfg = Release|Any CPU
		{17260BF3-6E61-4251-894A-35BA8D8CE0CE}.Release|Any CPU.Build.0 = Release|Any CPU
		{17260BF3-6E61-4251-894A-35BA8D8CE0CE}.Release|x64.ActiveCfg = Release|Any CPU
		{17260BF3-6E61-4251-894A-35BA8D8CE0CE}.Release|x64.Build.0 = Release|Any CPU
		{17260BF3-6E61-4251-894A-35BA8D8CE0CE}.Release|x86.ActiveCfg = Release|Any CPU
		{17260BF3-6E61-4251-894A-35BA8D8CE0CE}.Release|x86.Build.0 = Release|Any CPU
		{C64156C3-9A79-4CEC-BAD3-AA13638444B5}.Debug|Any CPU.ActiveCfg = Debug|Any CPU
		{C64156C3-9A79-4CEC-BAD3-AA13638444B5}.Debug|Any CPU.Build.0 = Debug|Any CPU
		{C64156C3-9A79-4CEC-BAD3-AA13638444B5}.Debug|x64.ActiveCfg = Debug|Any CPU
		{C64156C3-9A79-4CEC-BAD3-AA13638444B5}.Debug|x64.Build.0 = Debug|Any CPU
		{C64156C3-9A79-4CEC-BAD3-AA13638444B5}.Debug|x86.ActiveCfg = Debug|Any CPU
		{C64156C3-9A79-4CEC-BAD3-AA13638444B5}.Debug|x86.Build.0 = Debug|Any CPU
		{C64156C3-9A79-4CEC-BAD3-AA13638444B5}.Release|Any CPU.ActiveCfg = Release|Any CPU
		{C64156C3-9A79-4CEC-BAD3-AA13638444B5}.Release|Any CPU.Build.0 = Release|Any CPU
		{C64156C3-9A79-4CEC-BAD3-AA13638444B5}.Release|x64.ActiveCfg = Release|Any CPU
		{C64156C3-9A79-4CEC-BAD3-AA13638444B5}.Release|x64.Build.0 = Release|Any CPU
		{C64156C3-9A79-4CEC-BAD3-AA13638444B5}.Release|x86.ActiveCfg = Release|Any CPU
		{C64156C3-9A79-4CEC-BAD3-AA13638444B5}.Release|x86.Build.0 = Release|Any CPU
		{F3A66361-F582-4A74-A12E-0C85F4046CBF}.Debug|Any CPU.ActiveCfg = Debug|Any CPU
		{F3A66361-F582-4A74-A12E-0C85F4046CBF}.Debug|Any CPU.Build.0 = Debug|Any CPU
		{F3A66361-F582-4A74-A12E-0C85F4046CBF}.Debug|x64.ActiveCfg = Debug|Any CPU
		{F3A66361-F582-4A74-A12E-0C85F4046CBF}.Debug|x64.Build.0 = Debug|Any CPU
		{F3A66361-F582-4A74-A12E-0C85F4046CBF}.Debug|x86.ActiveCfg = Debug|Any CPU
		{F3A66361-F582-4A74-A12E-0C85F4046CBF}.Debug|x86.Build.0 = Debug|Any CPU
		{F3A66361-F582-4A74-A12E-0C85F4046CBF}.Release|Any CPU.ActiveCfg = Release|Any CPU
		{F3A66361-F582-4A74-A12E-0C85F4046CBF}.Release|Any CPU.Build.0 = Release|Any CPU
		{F3A66361-F582-4A74-A12E-0C85F4046CBF}.Release|x64.ActiveCfg = Release|Any CPU
		{F3A66361-F582-4A74-A12E-0C85F4046CBF}.Release|x64.Build.0 = Release|Any CPU
		{F3A66361-F582-4A74-A12E-0C85F4046CBF}.Release|x86.ActiveCfg = Release|Any CPU
		{F3A66361-F582-4A74-A12E-0C85F4046CBF}.Release|x86.Build.0 = Release|Any CPU
		{1567BD06-EBB0-41E5-A5A8-8AE675D58B5F}.Debug|Any CPU.ActiveCfg = Debug|Any CPU
		{1567BD06-EBB0-41E5-A5A8-8AE675D58B5F}.Debug|Any CPU.Build.0 = Debug|Any CPU
		{1567BD06-EBB0-41E5-A5A8-8AE675D58B5F}.Debug|x64.ActiveCfg = Debug|Any CPU
		{1567BD06-EBB0-41E5-A5A8-8AE675D58B5F}.Debug|x64.Build.0 = Debug|Any CPU
		{1567BD06-EBB0-41E5-A5A8-8AE675D58B5F}.Debug|x86.ActiveCfg = Debug|Any CPU
		{1567BD06-EBB0-41E5-A5A8-8AE675D58B5F}.Debug|x86.Build.0 = Debug|Any CPU
		{1567BD06-EBB0-41E5-A5A8-8AE675D58B5F}.Release|Any CPU.ActiveCfg = Release|Any CPU
		{1567BD06-EBB0-41E5-A5A8-8AE675D58B5F}.Release|Any CPU.Build.0 = Release|Any CPU
		{1567BD06-EBB0-41E5-A5A8-8AE675D58B5F}.Release|x64.ActiveCfg = Release|Any CPU
		{1567BD06-EBB0-41E5-A5A8-8AE675D58B5F}.Release|x64.Build.0 = Release|Any CPU
		{1567BD06-EBB0-41E5-A5A8-8AE675D58B5F}.Release|x86.ActiveCfg = Release|Any CPU
		{1567BD06-EBB0-41E5-A5A8-8AE675D58B5F}.Release|x86.Build.0 = Release|Any CPU
		{6747F7F1-A4B6-4CCD-A3CC-46C1EA1FC28A}.Debug|Any CPU.ActiveCfg = Debug|Any CPU
		{6747F7F1-A4B6-4CCD-A3CC-46C1EA1FC28A}.Debug|Any CPU.Build.0 = Debug|Any CPU
		{6747F7F1-A4B6-4CCD-A3CC-46C1EA1FC28A}.Debug|x64.ActiveCfg = Debug|Any CPU
		{6747F7F1-A4B6-4CCD-A3CC-46C1EA1FC28A}.Debug|x64.Build.0 = Debug|Any CPU
		{6747F7F1-A4B6-4CCD-A3CC-46C1EA1FC28A}.Debug|x86.ActiveCfg = Debug|Any CPU
		{6747F7F1-A4B6-4CCD-A3CC-46C1EA1FC28A}.Debug|x86.Build.0 = Debug|Any CPU
		{6747F7F1-A4B6-4CCD-A3CC-46C1EA1FC28A}.Release|Any CPU.ActiveCfg = Release|Any CPU
		{6747F7F1-A4B6-4CCD-A3CC-46C1EA1FC28A}.Release|Any CPU.Build.0 = Release|Any CPU
		{6747F7F1-A4B6-4CCD-A3CC-46C1EA1FC28A}.Release|x64.ActiveCfg = Release|Any CPU
		{6747F7F1-A4B6-4CCD-A3CC-46C1EA1FC28A}.Release|x64.Build.0 = Release|Any CPU
		{6747F7F1-A4B6-4CCD-A3CC-46C1EA1FC28A}.Release|x86.ActiveCfg = Release|Any CPU
		{6747F7F1-A4B6-4CCD-A3CC-46C1EA1FC28A}.Release|x86.Build.0 = Release|Any CPU
		{8015BD09-AC05-4CAA-87A4-FCDAC56B0792}.Debug|Any CPU.ActiveCfg = Debug|Any CPU
		{8015BD09-AC05-4CAA-87A4-FCDAC56B0792}.Debug|Any CPU.Build.0 = Debug|Any CPU
		{8015BD09-AC05-4CAA-87A4-FCDAC56B0792}.Debug|x64.ActiveCfg = Debug|Any CPU
		{8015BD09-AC05-4CAA-87A4-FCDAC56B0792}.Debug|x64.Build.0 = Debug|Any CPU
		{8015BD09-AC05-4CAA-87A4-FCDAC56B0792}.Debug|x86.ActiveCfg = Debug|Any CPU
		{8015BD09-AC05-4CAA-87A4-FCDAC56B0792}.Debug|x86.Build.0 = Debug|Any CPU
		{8015BD09-AC05-4CAA-87A4-FCDAC56B0792}.Release|Any CPU.ActiveCfg = Release|Any CPU
		{8015BD09-AC05-4CAA-87A4-FCDAC56B0792}.Release|Any CPU.Build.0 = Release|Any CPU
		{8015BD09-AC05-4CAA-87A4-FCDAC56B0792}.Release|x64.ActiveCfg = Release|Any CPU
		{8015BD09-AC05-4CAA-87A4-FCDAC56B0792}.Release|x64.Build.0 = Release|Any CPU
		{8015BD09-AC05-4CAA-87A4-FCDAC56B0792}.Release|x86.ActiveCfg = Release|Any CPU
		{8015BD09-AC05-4CAA-87A4-FCDAC56B0792}.Release|x86.Build.0 = Release|Any CPU
	EndGlobalSection
	GlobalSection(SolutionProperties) = preSolution
		HideSolutionNode = FALSE
	EndGlobalSection
	GlobalSection(NestedProjects) = preSolution
		{49E1D8EB-9917-49E9-A68D-1A1A73382D81} = {F0CA4C23-5797-790F-37B4-800CD5843BE1}
		{30FB1B80-0CE6-4294-B759-6BAA45D77524} = {642712A2-4DF6-5339-664A-38ADAE307475}
		{C30CDEC1-C254-47AB-A64E-6706BDB973AB} = {642712A2-4DF6-5339-664A-38ADAE307475}
		{E560FED8-E01D-4791-A83B-C95AD82BB814} = {642712A2-4DF6-5339-664A-38ADAE307475}
		{713B1F5D-0FC5-4643-BC1E-8672064AD5F4} = {642712A2-4DF6-5339-664A-38ADAE307475}
		{CD2284BF-A4F7-4014-9B1F-B8CA1C2E40CD} = {642712A2-4DF6-5339-664A-38ADAE307475}
		{1CA5AC61-3F90-4BED-A3AF-F3AB050E61FB} = {642712A2-4DF6-5339-664A-38ADAE307475}
		{F81E2B62-E406-4CCA-BC53-C05C983B5BF8} = {642712A2-4DF6-5339-664A-38ADAE307475}
		{09DB9AFC-7ADB-4441-8515-E279C379CCE6} = {642712A2-4DF6-5339-664A-38ADAE307475}
		{E163C135-E6AA-45AD-80E2-9F29ED4FB2F4} = {642712A2-4DF6-5339-664A-38ADAE307475}
		{10C17A96-0767-42BA-B964-0CD6A2936B2E} = {642712A2-4DF6-5339-664A-38ADAE307475}
		{9395AED0-C2C2-4B83-8AE2-0BC8E71412FE} = {642712A2-4DF6-5339-664A-38ADAE307475}
		{78683927-9FBA-4BF3-8B7D-33E424F1AAF6} = {642712A2-4DF6-5339-664A-38ADAE307475}
		{A551E5AD-C466-47D3-9375-0F81035DC478} = {642712A2-4DF6-5339-664A-38ADAE307475}
		{3D0964CA-AC16-4EBB-9D71-F26A8ECE0F74} = {642712A2-4DF6-5339-664A-38ADAE307475}
		{A95760AA-D336-431E-AC81-2A9DE4D25BEC} = {642712A2-4DF6-5339-664A-38ADAE307475}
		{5BB978ED-7703-4160-9A47-AA3BE4B6E749} = {642712A2-4DF6-5339-664A-38ADAE307475}
		{25609C51-E620-48E4-962F-0293D15BE448} = {642712A2-4DF6-5339-664A-38ADAE307475}
		{FAA5B40D-DFBA-4E2B-9EDA-9C0A15B313DA} = {642712A2-4DF6-5339-664A-38ADAE307475}
		{17260BF3-6E61-4251-894A-35BA8D8CE0CE} = {642712A2-4DF6-5339-664A-38ADAE307475}
		{C64156C3-9A79-4CEC-BAD3-AA13638444B5} = {642712A2-4DF6-5339-664A-38ADAE307475}
		{F3A66361-F582-4A74-A12E-0C85F4046CBF} = {642712A2-4DF6-5339-664A-38ADAE307475}
		{1567BD06-EBB0-41E5-A5A8-8AE675D58B5F} = {642712A2-4DF6-5339-664A-38ADAE307475}
		{6747F7F1-A4B6-4CCD-A3CC-46C1EA1FC28A} = {642712A2-4DF6-5339-664A-38ADAE307475}
		{8015BD09-AC05-4CAA-87A4-FCDAC56B0792} = {642712A2-4DF6-5339-664A-38ADAE307475}
	EndGlobalSection
	GlobalSection(ExtensibilityGlobals) = postSolution
		SolutionGuid = {E27D4936-A23B-404C-9F98-08E71CCB021E}
	EndGlobalSection
EndGlobal
