
Microsoft Visual Studio Solution File, Format Version 12.00
# Visual Studio Version 17
VisualStudioVersion = 17.5.2.0
MinimumVisualStudioVersion = 10.0.40219.1
Project("{2150E333-8FDC-42A3-9474-1A3956D46DE8}") = "Chpt1", "Chpt1", "{F0CA4C23-5797-790F-37B4-800CD5843BE1}"
EndProject
Project("{FAE04EC0-301F-11D3-BF4B-00C04F79EFBC}") = "MyFirstEfCoreApp", "Chpt1\MyFirstEfCoreApp\MyFirstEfCoreApp.csproj", "{49E1D8EB-9917-49E9-A68D-1A1A73382D81}"
EndProject
Project("{2150E333-8FDC-42A3-9474-1A3956D46DE8}") = "Asp.NetCoreInAction", "Asp.NetCoreInAction", "{642712A2-4DF6-5339-664A-38ADAE307475}"
EndProject
Project("{FAE04EC0-301F-11D3-BF4B-00C04F79EFBC}") = "WebApp", "Asp.NetCoreInAction\WebApp\WebApp.csproj", "{30FB1B80-0CE6-4294-B759-6BAA45D77524}"
EndProject
Project("{FAE04EC0-301F-11D3-BF4B-00C04F79EFBC}") = "MinimalAPI", "Asp.NetCoreInAction\MinimalAPI\MinimalAPI.csproj", "{C30CDEC1-C254-47AB-A64E-6706BDB973AB}"
EndProject
Project("{FAE04EC0-301F-11D3-BF4B-00C04F79EFBC}") = "CrudAPI", "Asp.NetCoreInAction\CrudAPI\CrudAPI.csproj", "{E560FED8-E01D-4791-A83B-C95AD82BB814}"
EndProject
Project("{FAE04EC0-301F-11D3-BF4B-00C04F79EFBC}") = "MultipleVerbsMinimalApiWithStatusCodes", "Asp.NetCoreInAction\MultipleVerbsMinimalApiWithStatusCodes\MultipleVerbsMinimalApiWithStatusCodes.csproj", "{713B1F5D-0FC5-4643-BC1E-8672064AD5F4}"
EndProject
Global
	GlobalSection(SolutionConfigurationPlatforms) = preSolution
		Debug|Any CPU = Debug|Any CPU
		Debug|x64 = Debug|x64
		Debug|x86 = Debug|x86
		Release|Any CPU = Release|Any CPU
		Release|x64 = Release|x64
		Release|x86 = Release|x86
	EndGlobalSection
	GlobalSection(ProjectConfigurationPlatforms) = postSolution
		{49E1D8EB-9917-49E9-A68D-1A1A73382D81}.Debug|Any CPU.ActiveCfg = Debug|Any CPU
		{49E1D8EB-9917-49E9-A68D-1A1A73382D81}.Debug|Any CPU.Build.0 = Debug|Any CPU
		{49E1D8EB-9917-49E9-A68D-1A1A73382D81}.Debug|x64.ActiveCfg = Debug|Any CPU
		{49E1D8EB-9917-49E9-A68D-1A1A73382D81}.Debug|x64.Build.0 = Debug|Any CPU
		{49E1D8EB-9917-49E9-A68D-1A1A73382D81}.Debug|x86.ActiveCfg = Debug|Any CPU
		{49E1D8EB-9917-49E9-A68D-1A1A73382D81}.Debug|x86.Build.0 = Debug|Any CPU
		{49E1D8EB-9917-49E9-A68D-1A1A73382D81}.Release|Any CPU.ActiveCfg = Release|Any CPU
		{49E1D8EB-9917-49E9-A68D-1A1A73382D81}.Release|Any CPU.Build.0 = Release|Any CPU
		{49E1D8EB-9917-49E9-A68D-1A1A73382D81}.Release|x64.ActiveCfg = Release|Any CPU
		{49E1D8EB-9917-49E9-A68D-1A1A73382D81}.Release|x64.Build.0 = Release|Any CPU
		{49E1D8EB-9917-49E9-A68D-1A1A73382D81}.Release|x86.ActiveCfg = Release|Any CPU
		{49E1D8EB-9917-49E9-A68D-1A1A73382D81}.Release|x86.Build.0 = Release|Any CPU
		{30FB1B80-0CE6-4294-B759-6BAA45D77524}.Debug|Any CPU.ActiveCfg = Debug|Any CPU
		{30FB1B80-0CE6-4294-B759-6BAA45D77524}.Debug|Any CPU.Build.0 = Debug|Any CPU
		{30FB1B80-0CE6-4294-B759-6BAA45D77524}.Debug|x64.ActiveCfg = Debug|Any CPU
		{30FB1B80-0CE6-4294-B759-6BAA45D77524}.Debug|x64.Build.0 = Debug|Any CPU
		{30FB1B80-0CE6-4294-B759-6BAA45D77524}.Debug|x86.ActiveCfg = Debug|Any CPU
		{30FB1B80-0CE6-4294-B759-6BAA45D77524}.Debug|x86.Build.0 = Debug|Any CPU
		{30FB1B80-0CE6-4294-B759-6BAA45D77524}.Release|Any CPU.ActiveCfg = Release|Any CPU
		{30FB1B80-0CE6-4294-B759-6BAA45D77524}.Release|Any CPU.Build.0 = Release|Any CPU
		{30FB1B80-0CE6-4294-B759-6BAA45D77524}.Release|x64.ActiveCfg = Release|Any CPU
		{30FB1B80-0CE6-4294-B759-6BAA45D77524}.Release|x64.Build.0 = Release|Any CPU
		{30FB1B80-0CE6-4294-B759-6BAA45D77524}.Release|x86.ActiveCfg = Release|Any CPU
		{30FB1B80-0CE6-4294-B759-6BAA45D77524}.Release|x86.Build.0 = Release|Any CPU
		{C30CDEC1-C254-47AB-A64E-6706BDB973AB}.Debug|Any CPU.ActiveCfg = Debug|Any CPU
		{C30CDEC1-C254-47AB-A64E-6706BDB973AB}.Debug|Any CPU.Build.0 = Debug|Any CPU
		{C30CDEC1-C254-47AB-A64E-6706BDB973AB}.Debug|x64.ActiveCfg = Debug|Any CPU
		{C30CDEC1-C254-47AB-A64E-6706BDB973AB}.Debug|x64.Build.0 = Debug|Any CPU
		{C30CDEC1-C254-47AB-A64E-6706BDB973AB}.Debug|x86.ActiveCfg = Debug|Any CPU
		{C30CDEC1-C254-47AB-A64E-6706BDB973AB}.Debug|x86.Build.0 = Debug|Any CPU
		{C30CDEC1-C254-47AB-A64E-6706BDB973AB}.Release|Any CPU.ActiveCfg = Release|Any CPU
		{C30CDEC1-C254-47AB-A64E-6706BDB973AB}.Release|Any CPU.Build.0 = Release|Any CPU
		{C30CDEC1-C254-47AB-A64E-6706BDB973AB}.Release|x64.ActiveCfg = Release|Any CPU
		{C30CDEC1-C254-47AB-A64E-6706BDB973AB}.Release|x64.Build.0 = Release|Any CPU
		{C30CDEC1-C254-47AB-A64E-6706BDB973AB}.Release|x86.ActiveCfg = Release|Any CPU
		{C30CDEC1-C254-47AB-A64E-6706BDB973AB}.Release|x86.Build.0 = Release|Any CPU
		{E560FED8-E01D-4791-A83B-C95AD82BB814}.Debug|Any CPU.ActiveCfg = Debug|Any CPU
		{E560FED8-E01D-4791-A83B-C95AD82BB814}.Debug|Any CPU.Build.0 = Debug|Any CPU
		{E560FED8-E01D-4791-A83B-C95AD82BB814}.Debug|x64.ActiveCfg = Debug|Any CPU
		{E560FED8-E01D-4791-A83B-C95AD82BB814}.Debug|x64.Build.0 = Debug|Any CPU
		{E560FED8-E01D-4791-A83B-C95AD82BB814}.Debug|x86.ActiveCfg = Debug|Any CPU
		{E560FED8-E01D-4791-A83B-C95AD82BB814}.Debug|x86.Build.0 = Debug|Any CPU
		{E560FED8-E01D-4791-A83B-C95AD82BB814}.Release|Any CPU.ActiveCfg = Release|Any CPU
		{E560FED8-E01D-4791-A83B-C95AD82BB814}.Release|Any CPU.Build.0 = Release|Any CPU
		{E560FED8-E01D-4791-A83B-C95AD82BB814}.Release|x64.ActiveCfg = Release|Any CPU
		{E560FED8-E01D-4791-A83B-C95AD82BB814}.Release|x64.Build.0 = Release|Any CPU
		{E560FED8-E01D-4791-A83B-C95AD82BB814}.Release|x86.ActiveCfg = Release|Any CPU
		{E560FED8-E01D-4791-A83B-C95AD82BB814}.Release|x86.Build.0 = Release|Any CPU
		{713B1F5D-0FC5-4643-BC1E-8672064AD5F4}.Debug|Any CPU.ActiveCfg = Debug|Any CPU
		{713B1F5D-0FC5-4643-BC1E-8672064AD5F4}.Debug|Any CPU.Build.0 = Debug|Any CPU
		{713B1F5D-0FC5-4643-BC1E-8672064AD5F4}.Debug|x64.ActiveCfg = Debug|Any CPU
		{713B1F5D-0FC5-4643-BC1E-8672064AD5F4}.Debug|x64.Build.0 = Debug|Any CPU
		{713B1F5D-0FC5-4643-BC1E-8672064AD5F4}.Debug|x86.ActiveCfg = Debug|Any CPU
		{713B1F5D-0FC5-4643-BC1E-8672064AD5F4}.Debug|x86.Build.0 = Debug|Any CPU
		{713B1F5D-0FC5-4643-BC1E-8672064AD5F4}.Release|Any CPU.ActiveCfg = Release|Any CPU
		{713B1F5D-0FC5-4643-BC1E-8672064AD5F4}.Release|Any CPU.Build.0 = Release|Any CPU
		{713B1F5D-0FC5-4643-BC1E-8672064AD5F4}.Release|x64.ActiveCfg = Release|Any CPU
		{713B1F5D-0FC5-4643-BC1E-8672064AD5F4}.Release|x64.Build.0 = Release|Any CPU
		{713B1F5D-0FC5-4643-BC1E-8672064AD5F4}.Release|x86.ActiveCfg = Release|Any CPU
		{713B1F5D-0FC5-4643-BC1E-8672064AD5F4}.Release|x86.Build.0 = Release|Any CPU
	EndGlobalSection
	GlobalSection(SolutionProperties) = preSolution
		HideSolutionNode = FALSE
	EndGlobalSection
	GlobalSection(NestedProjects) = preSolution
		{49E1D8EB-9917-49E9-A68D-1A1A73382D81} = {F0CA4C23-5797-790F-37B4-800CD5843BE1}
		{30FB1B80-0CE6-4294-B759-6BAA45D77524} = {642712A2-4DF6-5339-664A-38ADAE307475}
		{C30CDEC1-C254-47AB-A64E-6706BDB973AB} = {642712A2-4DF6-5339-664A-38ADAE307475}
		{E560FED8-E01D-4791-A83B-C95AD82BB814} = {642712A2-4DF6-5339-664A-38ADAE307475}
		{713B1F5D-0FC5-4643-BC1E-8672064AD5F4} = {642712A2-4DF6-5339-664A-38ADAE307475}
	EndGlobalSection
	GlobalSection(ExtensibilityGlobals) = postSolution
		SolutionGuid = {E27D4936-A23B-404C-9F98-08E71CCB021E}
	EndGlobalSection
EndGlobal
